// !$*UTF8*$!
{
	archiveVersion = 1;
	classes = {
	};
	objectVersion = 56;
	objects = {

/* Begin PBXBuildFile section */
		2E55361074E243CCA8A979DD /* Pods_CToolsFavorites.framework in Frameworks */ = {isa = PBXBuildFile; fileRef = 6BBAB564253AF296DE4DC1B9 /* Pods_CToolsFavorites.framework */; };
		D89BA03F2AAF450E0045D812 /* CToolsFavoritesApp.swift in Sources */ = {isa = PBXBuildFile; fileRef = D89BA03E2AAF450E0045D812 /* CToolsFavoritesApp.swift */; };
		D89BA0412AAF450E0045D812 /* ContentView.swift in Sources */ = {isa = PBXBuildFile; fileRef = D89BA0402AAF450E0045D812 /* ContentView.swift */; };
		D89BA0432AAF45100045D812 /* Assets.xcassets in Resources */ = {isa = PBXBuildFile; fileRef = D89BA0422AAF45100045D812 /* Assets.xcassets */; };
		D89BA0462AAF45100045D812 /* Preview Assets.xcassets in Resources */ = {isa = PBXBuildFile; fileRef = D89BA0452AAF45100045D812 /* Preview Assets.xcassets */; };
		D89BA0502AAF45640045D812 /* launch01.webp in Resources */ = {isa = PBXBuildFile; fileRef = D89BA04D2AAF45640045D812 /* launch01.webp */; };
		D89BA0512AAF45640045D812 /* launch00.png in Resources */ = {isa = PBXBuildFile; fileRef = D89BA04E2AAF45640045D812 /* launch00.png */; };
		D89BA0522AAF45640045D812 /* launch02.jpg in Resources */ = {isa = PBXBuildFile; fileRef = D89BA04F2AAF45640045D812 /* launch02.jpg */; };
		D89BA0552AAF4B5E0045D812 /* icon.jpg in Resources */ = {isa = PBXBuildFile; fileRef = D89BA0542AAF4B5E0045D812 /* icon.jpg */; };
/* End PBXBuildFile section */

/* Begin PBXFileReference section */
		62C7ABB180BC1517BCE50052 /* Pods-CToolsFavorites.release.xcconfig */ = {isa = PBXFileReference; includeInIndex = 1; lastKnownFileType = text.xcconfig; name = "Pods-CToolsFavorites.release.xcconfig"; path = "Target Support Files/Pods-CToolsFavorites/Pods-CToolsFavorites.release.xcconfig"; sourceTree = "<group>"; };
		6BBAB564253AF296DE4DC1B9 /* Pods_CToolsFavorites.framework */ = {isa = PBXFileReference; explicitFileType = wrapper.framework; includeInIndex = 0; path = Pods_CToolsFavorites.framework; sourceTree = BUILT_PRODUCTS_DIR; };
		7C7DA665F2047F7268A4A7C9 /* Pods-CToolsFavorites.debug.xcconfig */ = {isa = PBXFileReference; includeInIndex = 1; lastKnownFileType = text.xcconfig; name = "Pods-CToolsFavorites.debug.xcconfig"; path = "Target Support Files/Pods-CToolsFavorites/Pods-CToolsFavorites.debug.xcconfig"; sourceTree = "<group>"; };
		D8026B2D2B8CD13E0070C541 /* CToolsFavorites.entitlements */ = {isa = PBXFileReference; lastKnownFileType = text.plist.entitlements; path = CToolsFavorites.entitlements; sourceTree = "<group>"; };
		D84A8B082B8CD37F00227365 /* CToolsFavoritesDebug.entitlements */ = {isa = PBXFileReference; lastKnownFileType = text.plist.entitlements; path = CToolsFavoritesDebug.entitlements; sourceTree = "<group>"; };
		D89BA03B2AAF450E0045D812 /* CToolsFavorites.app */ = {isa = PBXFileReference; explicitFileType = wrapper.application; includeInIndex = 0; path = CToolsFavorites.app; sourceTree = BUILT_PRODUCTS_DIR; };
		D89BA03E2AAF450E0045D812 /* CToolsFavoritesApp.swift */ = {isa = PBXFileReference; lastKnownFileType = sourcecode.swift; path = CToolsFavoritesApp.swift; sourceTree = "<group>"; };
		D89BA0402AAF450E0045D812 /* ContentView.swift */ = {isa = PBXFileReference; lastKnownFileType = sourcecode.swift; path = ContentView.swift; sourceTree = "<group>"; };
		D89BA0422AAF45100045D812 /* Assets.xcassets */ = {isa = PBXFileReference; lastKnownFileType = folder.assetcatalog; path = Assets.xcassets; sourceTree = "<group>"; };
		D89BA0452AAF45100045D812 /* Preview Assets.xcassets */ = {isa = PBXFileReference; lastKnownFileType = folder.assetcatalog; path = "Preview Assets.xcassets"; sourceTree = "<group>"; };
		D89BA04D2AAF45640045D812 /* launch01.webp */ = {isa = PBXFileReference; lastKnownFileType = file; path = launch01.webp; sourceTree = "<group>"; };
		D89BA04E2AAF45640045D812 /* launch00.png */ = {isa = PBXFileReference; lastKnownFileType = image.png; path = launch00.png; sourceTree = "<group>"; };
		D89BA04F2AAF45640045D812 /* launch02.jpg */ = {isa = PBXFileReference; lastKnownFileType = image.jpeg; path = launch02.jpg; sourceTree = "<group>"; };
		D89BA0532AAF458B0045D812 /* Info.plist */ = {isa = PBXFileReference; lastKnownFileType = text.plist; path = Info.plist; sourceTree = "<group>"; };
		D89BA0542AAF4B5E0045D812 /* icon.jpg */ = {isa = PBXFileReference; lastKnownFileType = image.jpeg; path = icon.jpg; sourceTree = "<group>"; };
/* End PBXFileReference section */

/* Begin PBXFrameworksBuildPhase section */
		D89BA0382AAF450E0045D812 /* Frameworks */ = {
			isa = PBXFrameworksBuildPhase;
			buildActionMask = 2147483647;
			files = (
				2E55361074E243CCA8A979DD /* Pods_CToolsFavorites.framework in Frameworks */,
			);
			runOnlyForDeploymentPostprocessing = 0;
		};
/* End PBXFrameworksBuildPhase section */

/* Begin PBXGroup section */
		687C125E2CBD6BFD4AA94A74 /* Frameworks */ = {
			isa = PBXGroup;
			children = (
				6BBAB564253AF296DE4DC1B9 /* Pods_CToolsFavorites.framework */,
			);
			name = Frameworks;
			sourceTree = "<group>";
		};
		D89BA0322AAF450E0045D812 = {
			isa = PBXGroup;
			children = (
				D89BA03D2AAF450E0045D812 /* CToolsFavorites */,
				D89BA03C2AAF450E0045D812 /* Products */,
				E02BB937A7CE5D9536B7B96F /* Pods */,
				687C125E2CBD6BFD4AA94A74 /* Frameworks */,
			);
			sourceTree = "<group>";
		};
		D89BA03C2AAF450E0045D812 /* Products */ = {
			isa = PBXGroup;
			children = (
				D89BA03B2AAF450E0045D812 /* CToolsFavorites.app */,
			);
			name = Products;
			sourceTree = "<group>";
		};
		D89BA03D2AAF450E0045D812 /* CToolsFavorites */ = {
			isa = PBXGroup;
			children = (
				D84A8B082B8CD37F00227365 /* CToolsFavoritesDebug.entitlements */,
				D8026B2D2B8CD13E0070C541 /* CToolsFavorites.entitlements */,
				D89BA0532AAF458B0045D812 /* Info.plist */,
				D89BA03E2AAF450E0045D812 /* CToolsFavoritesApp.swift */,
				D89BA04C2AAF45640045D812 /* Resource */,
				D89BA0402AAF450E0045D812 /* ContentView.swift */,
				D89BA0422AAF45100045D812 /* Assets.xcassets */,
				D89BA0442AAF45100045D812 /* Preview Content */,
			);
			path = CToolsFavorites;
			sourceTree = "<group>";
		};
		D89BA0442AAF45100045D812 /* Preview Content */ = {
			isa = PBXGroup;
			children = (
				D89BA0452AAF45100045D812 /* Preview Assets.xcassets */,
			);
			path = "Preview Content";
			sourceTree = "<group>";
		};
		D89BA04C2AAF45640045D812 /* Resource */ = {
			isa = PBXGroup;
			children = (
				D89BA0542AAF4B5E0045D812 /* icon.jpg */,
				D89BA04D2AAF45640045D812 /* launch01.webp */,
				D89BA04E2AAF45640045D812 /* launch00.png */,
				D89BA04F2AAF45640045D812 /* launch02.jpg */,
			);
			path = Resource;
			sourceTree = "<group>";
		};
		E02BB937A7CE5D9536B7B96F /* Pods */ = {
			isa = PBXGroup;
			children = (
				7C7DA665F2047F7268A4A7C9 /* Pods-CToolsFavorites.debug.xcconfig */,
				62C7ABB180BC1517BCE50052 /* Pods-CToolsFavorites.release.xcconfig */,
			);
			path = Pods;
			sourceTree = "<group>";
		};
/* End PBXGroup section */

/* Begin PBXNativeTarget section */
		D89BA03A2AAF450E0045D812 /* CToolsFavorites */ = {
			isa = PBXNativeTarget;
			buildConfigurationList = D89BA0492AAF45100045D812 /* Build configuration list for PBXNativeTarget "CToolsFavorites" */;
			buildPhases = (
				AD3DECBEDB6FFAF5C3AE02F6 /* [CP] Check Pods Manifest.lock */,
				D89BA0372AAF450E0045D812 /* Sources */,
				D89BA0382AAF450E0045D812 /* Frameworks */,
				D89BA0392AAF450E0045D812 /* Resources */,
				409CB524D3190A95EE5E9189 /* [CP] Copy Pods Resources */,
			);
			buildRules = (
			);
			dependencies = (
			);
			name = CToolsFavorites;
			productName = CToolsFavorites;
			productReference = D89BA03B2AAF450E0045D812 /* CToolsFavorites.app */;
			productType = "com.apple.product-type.application";
		};
/* End PBXNativeTarget section */

/* Begin PBXProject section */
		D89BA0332AAF450E0045D812 /* Project object */ = {
			isa = PBXProject;
			attributes = {
				BuildIndependentTargetsInParallel = 1;
				LastSwiftUpdateCheck = 1420;
				LastUpgradeCheck = 1420;
				TargetAttributes = {
					D89BA03A2AAF450E0045D812 = {
						CreatedOnToolsVersion = 14.2;
					};
				};
			};
			buildConfigurationList = D89BA0362AAF450E0045D812 /* Build configuration list for PBXProject "CToolsFavorites" */;
			compatibilityVersion = "Xcode 14.0";
			developmentRegion = en;
			hasScannedForEncodings = 0;
			knownRegions = (
				en,
				Base,
			);
			mainGroup = D89BA0322AAF450E0045D812;
			productRefGroup = D89BA03C2AAF450E0045D812 /* Products */;
			projectDirPath = "";
			projectRoot = "";
			targets = (
				D89BA03A2AAF450E0045D812 /* CToolsFavorites */,
			);
		};
/* End PBXProject section */

/* Begin PBXResourcesBuildPhase section */
		D89BA0392AAF450E0045D812 /* Resources */ = {
			isa = PBXResourcesBuildPhase;
			buildActionMask = 2147483647;
			files = (
				D89BA0462AAF45100045D812 /* Preview Assets.xcassets in Resources */,
				D89BA0432AAF45100045D812 /* Assets.xcassets in Resources */,
				D89BA0512AAF45640045D812 /* launch00.png in Resources */,
				D89BA0522AAF45640045D812 /* launch02.jpg in Resources */,
				D89BA0552AAF4B5E0045D812 /* icon.jpg in Resources */,
				D89BA0502AAF45640045D812 /* launch01.webp in Resources */,
			);
			runOnlyForDeploymentPostprocessing = 0;
		};
/* End PBXResourcesBuildPhase section */

/* Begin PBXShellScriptBuildPhase section */
		409CB524D3190A95EE5E9189 /* [CP] Copy Pods Resources */ = {
			isa = PBXShellScriptBuildPhase;
			buildActionMask = 2147483647;
			files = (
			);
			inputFileListPaths = (
				"${PODS_ROOT}/Target Support Files/Pods-CToolsFavorites/Pods-CToolsFavorites-resources-${CONFIGURATION}-input-files.xcfilelist",
			);
			name = "[CP] Copy Pods Resources";
			outputFileListPaths = (
				"${PODS_ROOT}/Target Support Files/Pods-CToolsFavorites/Pods-CToolsFavorites-resources-${CONFIGURATION}-output-files.xcfilelist",
			);
			runOnlyForDeploymentPostprocessing = 0;
			shellPath = /bin/sh;
			shellScript = "\"${PODS_ROOT}/Target Support Files/Pods-CToolsFavorites/Pods-CToolsFavorites-resources.sh\"\n";
			showEnvVarsInLog = 0;
		};
		AD3DECBEDB6FFAF5C3AE02F6 /* [CP] Check Pods Manifest.lock */ = {
			isa = PBXShellScriptBuildPhase;
			buildActionMask = 2147483647;
			files = (
			);
			inputFileListPaths = (
			);
			inputPaths = (
				"${PODS_PODFILE_DIR_PATH}/Podfile.lock",
				"${PODS_ROOT}/Manifest.lock",
			);
			name = "[CP] Check Pods Manifest.lock";
			outputFileListPaths = (
			);
			outputPaths = (
				"$(DERIVED_FILE_DIR)/Pods-CToolsFavorites-checkManifestLockResult.txt",
			);
			runOnlyForDeploymentPostprocessing = 0;
			shellPath = /bin/sh;
			shellScript = "diff \"${PODS_PODFILE_DIR_PATH}/Podfile.lock\" \"${PODS_ROOT}/Manifest.lock\" > /dev/null\nif [ $? != 0 ] ; then\n    # print error to STDERR\n    echo \"error: The sandbox is not in sync with the Podfile.lock. Run 'pod install' or update your CocoaPods installation.\" >&2\n    exit 1\nfi\n# This output is used by Xcode 'outputs' to avoid re-running this script phase.\necho \"SUCCESS\" > \"${SCRIPT_OUTPUT_FILE_0}\"\n";
			showEnvVarsInLog = 0;
		};
/* End PBXShellScriptBuildPhase section */

/* Begin PBXSourcesBuildPhase section */
		D89BA0372AAF450E0045D812 /* Sources */ = {
			isa = PBXSourcesBuildPhase;
			buildActionMask = 2147483647;
			files = (
				D89BA0412AAF450E0045D812 /* ContentView.swift in Sources */,
				D89BA03F2AAF450E0045D812 /* CToolsFavoritesApp.swift in Sources */,
			);
			runOnlyForDeploymentPostprocessing = 0;
		};
/* End PBXSourcesBuildPhase section */

/* Begin XCBuildConfiguration section */
		D89BA0472AAF45100045D812 /* Debug */ = {
			isa = XCBuildConfiguration;
			buildSettings = {
				ALWAYS_SEARCH_USER_PATHS = NO;
				CLANG_ANALYZER_NONNULL = YES;
				CLANG_ANALYZER_NUMBER_OBJECT_CONVERSION = YES_AGGRESSIVE;
				CLANG_CXX_LANGUAGE_STANDARD = "gnu++20";
				CLANG_ENABLE_MODULES = YES;
				CLANG_ENABLE_OBJC_ARC = YES;
				CLANG_ENABLE_OBJC_WEAK = YES;
				CLANG_WARN_BLOCK_CAPTURE_AUTORELEASING = YES;
				CLANG_WARN_BOOL_CONVERSION = YES;
				CLANG_WARN_COMMA = YES;
				CLANG_WARN_CONSTANT_CONVERSION = YES;
				CLANG_WARN_DEPRECATED_OBJC_IMPLEMENTATIONS = YES;
				CLANG_WARN_DIRECT_OBJC_ISA_USAGE = YES_ERROR;
				CLANG_WARN_DOCUMENTATION_COMMENTS = YES;
				CLANG_WARN_EMPTY_BODY = YES;
				CLANG_WARN_ENUM_CONVERSION = YES;
				CLANG_WARN_INFINITE_RECURSION = YES;
				CLANG_WARN_INT_CONVERSION = YES;
				CLANG_WARN_NON_LITERAL_NULL_CONVERSION = YES;
				CLANG_WARN_OBJC_IMPLICIT_RETAIN_SELF = YES;
				CLANG_WARN_OBJC_LITERAL_CONVERSION = YES;
				CLANG_WARN_OBJC_ROOT_CLASS = YES_ERROR;
				CLANG_WARN_QUOTED_INCLUDE_IN_FRAMEWORK_HEADER = YES;
				CLANG_WARN_RANGE_LOOP_ANALYSIS = YES;
				CLANG_WARN_STRICT_PROTOTYPES = YES;
				CLANG_WARN_SUSPICIOUS_MOVE = YES;
				CLANG_WARN_UNGUARDED_AVAILABILITY = YES_AGGRESSIVE;
				CLANG_WARN_UNREACHABLE_CODE = YES;
				CLANG_WARN__DUPLICATE_METHOD_MATCH = YES;
				COPY_PHASE_STRIP = NO;
				DEBUG_INFORMATION_FORMAT = dwarf;
				ENABLE_STRICT_OBJC_MSGSEND = YES;
				ENABLE_TESTABILITY = YES;
				GCC_C_LANGUAGE_STANDARD = gnu11;
				GCC_DYNAMIC_NO_PIC = NO;
				GCC_NO_COMMON_BLOCKS = YES;
				GCC_OPTIMIZATION_LEVEL = 0;
				GCC_PREPROCESSOR_DEFINITIONS = (
					"DEBUG=1",
					"$(inherited)",
				);
				GCC_WARN_64_TO_32_BIT_CONVERSION = YES;
				GCC_WARN_ABOUT_RETURN_TYPE = YES_ERROR;
				GCC_WARN_UNDECLARED_SELECTOR = YES;
				GCC_WARN_UNINITIALIZED_AUTOS = YES_AGGRESSIVE;
				GCC_WARN_UNUSED_FUNCTION = YES;
				GCC_WARN_UNUSED_VARIABLE = YES;
				IPHONEOS_DEPLOYMENT_TARGET = 16.2;
				MTL_ENABLE_DEBUG_INFO = INCLUDE_SOURCE;
				MTL_FAST_MATH = YES;
				ONLY_ACTIVE_ARCH = YES;
				SDKROOT = iphoneos;
				SWIFT_ACTIVE_COMPILATION_CONDITIONS = DEBUG;
				SWIFT_OPTIMIZATION_LEVEL = "-Onone";
			};
			name = Debug;
		};
		D89BA0482AAF45100045D812 /* Release */ = {
			isa = XCBuildConfiguration;
			buildSettings = {
				ALWAYS_SEARCH_USER_PATHS = NO;
				CLANG_ANALYZER_NONNULL = YES;
				CLANG_ANALYZER_NUMBER_OBJECT_CONVERSION = YES_AGGRESSIVE;
				CLANG_CXX_LANGUAGE_STANDARD = "gnu++20";
				CLANG_ENABLE_MODULES = YES;
				CLANG_ENABLE_OBJC_ARC = YES;
				CLANG_ENABLE_OBJC_WEAK = YES;
				CLANG_WARN_BLOCK_CAPTURE_AUTORELEASING = YES;
				CLANG_WARN_BOOL_CONVERSION = YES;
				CLANG_WARN_COMMA = YES;
				CLANG_WARN_CONSTANT_CONVERSION = YES;
				CLANG_WARN_DEPRECATED_OBJC_IMPLEMENTATIONS = YES;
				CLANG_WARN_DIRECT_OBJC_ISA_USAGE = YES_ERROR;
				CLANG_WARN_DOCUMENTATION_COMMENTS = YES;
				CLANG_WARN_EMPTY_BODY = YES;
				CLANG_WARN_ENUM_CONVERSION = YES;
				CLANG_WARN_INFINITE_RECURSION = YES;
				CLANG_WARN_INT_CONVERSION = YES;
				CLANG_WARN_NON_LITERAL_NULL_CONVERSION = YES;
				CLANG_WARN_OBJC_IMPLICIT_RETAIN_SELF = YES;
				CLANG_WARN_OBJC_LITERAL_CONVERSION = YES;
				CLANG_WARN_OBJC_ROOT_CLASS = YES_ERROR;
				CLANG_WARN_QUOTED_INCLUDE_IN_FRAMEWORK_HEADER = YES;
				CLANG_WARN_RANGE_LOOP_ANALYSIS = YES;
				CLANG_WARN_STRICT_PROTOTYPES = YES;
				CLANG_WARN_SUSPICIOUS_MOVE = YES;
				CLANG_WARN_UNGUARDED_AVAILABILITY = YES_AGGRESSIVE;
				CLANG_WARN_UNREACHABLE_CODE = YES;
				CLANG_WARN__DUPLICATE_METHOD_MATCH = YES;
				COPY_PHASE_STRIP = NO;
				DEBUG_INFORMATION_FORMAT = "dwarf-with-dsym";
				ENABLE_NS_ASSERTIONS = NO;
				ENABLE_STRICT_OBJC_MSGSEND = YES;
				GCC_C_LANGUAGE_STANDARD = gnu11;
				GCC_NO_COMMON_BLOCKS = YES;
				GCC_WARN_64_TO_32_BIT_CONVERSION = YES;
				GCC_WARN_ABOUT_RETURN_TYPE = YES_ERROR;
				GCC_WARN_UNDECLARED_SELECTOR = YES;
				GCC_WARN_UNINITIALIZED_AUTOS = YES_AGGRESSIVE;
				GCC_WARN_UNUSED_FUNCTION = YES;
				GCC_WARN_UNUSED_VARIABLE = YES;
				IPHONEOS_DEPLOYMENT_TARGET = 16.2;
				MTL_ENABLE_DEBUG_INFO = NO;
				MTL_FAST_MATH = YES;
				SDKROOT = iphoneos;
				SWIFT_COMPILATION_MODE = wholemodule;
				SWIFT_OPTIMIZATION_LEVEL = "-O";
				VALIDATE_PRODUCT = YES;
			};
			name = Release;
		};
		D89BA04A2AAF45100045D812 /* Debug */ = {
			isa = XCBuildConfiguration;
			baseConfigurationReference = 7C7DA665F2047F7268A4A7C9 /* Pods-CToolsFavorites.debug.xcconfig */;
			buildSettings = {
				ASSETCATALOG_COMPILER_APPICON_NAME = AppIcon;
				ASSETCATALOG_COMPILER_GLOBAL_ACCENT_COLOR_NAME = AccentColor;
				CODE_SIGN_ENTITLEMENTS = CToolsFavorites/CToolsFavoritesDebug.entitlements;
				CODE_SIGN_IDENTITY = "Apple Development";
				CODE_SIGN_STYLE = Automatic;
				CURRENT_PROJECT_VERSION = 1;
				DEVELOPMENT_ASSET_PATHS = "\"CToolsFavorites/Preview Content\"";
				DEVELOPMENT_TEAM = 688B74985L;
				ENABLE_PREVIEWS = YES;
				GENERATE_INFOPLIST_FILE = YES;
				INFOPLIST_FILE = CToolsFavorites/Info.plist;
				INFOPLIST_KEY_CFBundleDisplayName = DailyToolsFavorites;
				INFOPLIST_KEY_LSApplicationCategoryType = "public.app-category.developer-tools";
				INFOPLIST_KEY_NSPhotoLibraryAddUsageDescription = "In order to save pictures to your photo album, you need to obtain photo permissions. If you refuse to authorize the provision, you will not be able to use the above functions.";
				INFOPLIST_KEY_NSPhotoLibraryUsageDescription = "In order to save pictures to your photo album, you need to obtain photo permissions. If you refuse to authorize the provision, you will not be able to use the above functions.";
				INFOPLIST_KEY_UIApplicationSceneManifest_Generation = YES;
				INFOPLIST_KEY_UIApplicationSupportsIndirectInputEvents = YES;
				INFOPLIST_KEY_UISupportedInterfaceOrientations_iPad = "UIInterfaceOrientationPortrait UIInterfaceOrientationPortraitUpsideDown UIInterfaceOrientationLandscapeLeft UIInterfaceOrientationLandscapeRight";
				INFOPLIST_KEY_UISupportedInterfaceOrientations_iPhone = "UIInterfaceOrientationPortrait UIInterfaceOrientationLandscapeLeft UIInterfaceOrientationLandscapeRight";
				IPHONEOS_DEPLOYMENT_TARGET = 15.0;
				LD_RUNPATH_SEARCH_PATHS = (
					"$(inherited)",
					"@executable_path/Frameworks",
				);
				MARKETING_VERSION = 1.0;
				PRODUCT_BUNDLE_IDENTIFIER = com.zitao.li0206.CToolsFavorites;
				PRODUCT_NAME = "$(TARGET_NAME)";
				PROVISIONING_PROFILE_SPECIFIER = "";
				SWIFT_EMIT_LOC_STRINGS = YES;
				SWIFT_VERSION = 5.0;
				TARGETED_DEVICE_FAMILY = "1,2";
			};
			name = Debug;
		};
		D89BA04B2AAF45100045D812 /* Release */ = {
			isa = XCBuildConfiguration;
			baseConfigurationReference = 62C7ABB180BC1517BCE50052 /* Pods-CToolsFavorites.release.xcconfig */;
			buildSettings = {
				ASSETCATALOG_COMPILER_APPICON_NAME = AppIcon;
				ASSETCATALOG_COMPILER_GLOBAL_ACCENT_COLOR_NAME = AccentColor;
				CODE_SIGN_ENTITLEMENTS = CToolsFavorites/CToolsFavorites.entitlements;
				CODE_SIGN_IDENTITY = "Apple Development";
				CODE_SIGN_STYLE = Automatic;
				CURRENT_PROJECT_VERSION = 1;
				DEVELOPMENT_ASSET_PATHS = "\"CToolsFavorites/Preview Content\"";
				DEVELOPMENT_TEAM = 688B74985L;
				ENABLE_PREVIEWS = YES;
				GENERATE_INFOPLIST_FILE = YES;
				INFOPLIST_FILE = CToolsFavorites/Info.plist;
				INFOPLIST_KEY_CFBundleDisplayName = DailyToolsFavorites;
				INFOPLIST_KEY_LSApplicationCategoryType = "public.app-category.developer-tools";
				INFOPLIST_KEY_NSPhotoLibraryAddUsageDescription = "In order to save pictures to your photo album, you need to obtain photo permissions. If you refuse to authorize the provision, you will not be able to use the above functions.";
				INFOPLIST_KEY_NSPhotoLibraryUsageDescription = "In order to save pictures to your photo album, you need to obtain photo permissions. If you refuse to authorize the provision, you will not be able to use the above functions.";
				INFOPLIST_KEY_UIApplicationSceneManifest_Generation = YES;
				INFOPLIST_KEY_UIApplicationSupportsIndirectInputEvents = YES;
				INFOPLIST_KEY_UISupportedInterfaceOrientations_iPad = "UIInterfaceOrientationPortrait UIInterfaceOrientationPortraitUpsideDown UIInterfaceOrientationLandscapeLeft UIInterfaceOrientationLandscapeRight";
				INFOPLIST_KEY_UISupportedInterfaceOrientations_iPhone = "UIInterfaceOrientationPortrait UIInterfaceOrientationLandscapeLeft UIInterfaceOrientationLandscapeRight";
				IPHONEOS_DEPLOYMENT_TARGET = 15.0;
				LD_RUNPATH_SEARCH_PATHS = (
					"$(inherited)",
					"@executable_path/Frameworks",
				);
				MARKETING_VERSION = 1.0;
				PRODUCT_BUNDLE_IDENTIFIER = zitao.li0206.CToolsFavorites;
				PRODUCT_NAME = "$(TARGET_NAME)";
				PROVISIONING_PROFILE_SPECIFIER = "";
				SWIFT_EMIT_LOC_STRINGS = YES;
				SWIFT_VERSION = 5.0;
				TARGETED_DEVICE_FAMILY = "1,2";
			};
			name = Release;
		};
/* End XCBuildConfiguration section */

/* Begin XCConfigurationList section */
		D89BA0362AAF450E0045D812 /* Build configuration list for PBXProject "CToolsFavorites" */ = {
			isa = XCConfigurationList;
			buildConfigurations = (
				D89BA0472AAF45100045D812 /* Debug */,
				D89BA0482AAF45100045D812 /* Release */,
			);
			defaultConfigurationIsVisible = 0;
			defaultConfigurationName = Release;
		};
		D89BA0492AAF45100045D812 /* Build configuration list for PBXNativeTarget "CToolsFavorites" */ = {
			isa = XCConfigurationList;
			buildConfigurations = (
				D89BA04A2AAF45100045D812 /* Debug */,
				D89BA04B2AAF45100045D812 /* Release */,
			);
			defaultConfigurationIsVisible = 0;
			defaultConfigurationName = Release;
		};
/* End XCConfigurationList section */
	};
	rootObject = D89BA0332AAF450E0045D812 /* Project object */;
}
