PODS:
  - AKOCommonToolsKit (0.0.31)
  - Masonry (1.1.0)
  - ToolsFavorites (0.1.0):
    - AKOCommonToolsKit
    - Masonry

DEPENDENCIES:
  - AKOCommonToolsKit (= 0.0.31)
  - ToolsFavorites (from `./LocalPods/ToolsFavorites`)

SPEC REPOS:
  https://github.com/zitao0206/MDSpecs.git:
    - AKOCommonToolsKit
  trunk:
    - Masonry

EXTERNAL SOURCES:
  ToolsFavorites:
    :path: "./LocalPods/ToolsFavorites"

SPEC CHECKSUMS:
  AKOCommonToolsKit: 2b62669cc9704a200defd16b5c06a33404f47f24
  Masonry: 678fab65091a9290e40e2832a55e7ab731aad201
  ToolsFavorites: 6fc1df484eac908a596ea4c196f6c7cef5971311

PODFILE CHECKSUM: 3d7df12f5481b0b3add399b35ee35e4d895c6b6c

COCOAPODS: 1.11.3
