PODS:
  - AKOCommonToolsKit (0.0.31)
  - Masonry (1.1.0)
  - ToolsFavorites (0.1.0):
    - AKOCommonToolsKit
    - Masonry

DEPENDENCIES:
  - AKOCommonToolsKit (= 0.0.31)
  - ToolsFavorites (from `./LocalPods/ToolsFavorites`)

SPEC REPOS:
  https://github.com/zitao0206/MDSpecs.git:
    - AKOCommonToolsKit
  trunk:
    - Masonry

EXTERNAL SOURCES:
  ToolsFavorites:
    :path: "./LocalPods/ToolsFavorites"

SPEC CHECKSUMS:
  AKOCommonToolsKit: 2b62669cc9704a200defd16b5c06a33404f47f24
  Masonry: 678fab65091a9290e40e2832a55e7ab731aad201
  ToolsFavorites: 533ff20a809b17d50b43cf3c8cebec8db33147f4

PODFILE CHECKSUM: 26e5a5c683f3f40f906c571c29867e2432635f02

COCOAPODS: 1.11.3
