PODS:
  - AKOCommonToolsKit (0.0.31)
  - Masonry (1.1.0)
  - ToolsFavorites (0.1.0):
    - AKOCommonToolsKit
    - Masonry

DEPENDENCIES:
  - AKOCommonToolsKit (= 0.0.31)
  - ToolsFavorites (from `./LocalPods/ToolsFavorites`)

SPEC REPOS:
  https://github.com/zitao0206/MDSpecs.git:
    - AKOCommonToolsKit
  trunk:
    - Masonry

EXTERNAL SOURCES:
  ToolsFavorites:
    :path: "./LocalPods/ToolsFavorites"

SPEC CHECKSUMS:
  AKOCommonToolsKit: 2b62669cc9704a200defd16b5c06a33404f47f24
  Masonry: 678fab65091a9290e40e2832a55e7ab731aad201
  ToolsFavorites: 9c78d616d7cbbd14520a8f16b5b3bb7f164cac56

PODFILE CHECKSUM: 2116500ab09fc91e24aabb5ce47e80a689a226b0

COCOAPODS: 1.11.3
